
Microsoft Visual Studio Solution File, Format Version 12.00
# Visual Studio Version 17
VisualStudioVersion = 17.2.32526.322
MinimumVisualStudioVersion = 10.0.40219.1
Project("{FAE04EC0-301F-11D3-BF4B-00C04F79EFBC}") = "Assignnment2", "Assignnment2.csproj", "{AB5FC1E6-D015-428E-BC3E-B2C5B384BB48}"
EndProject
Global
	GlobalSection(SolutionConfigurationPlatforms) = preSolution
		Debug|Any CPU = Debug|Any CPU
		Release|Any CPU = Release|Any CPU
	EndGlobalSection
	GlobalSection(ProjectConfigurationPlatforms) = postSolution
		{AB5FC1E6-D015-428E-BC3E-B2C5B384BB48}.Debug|Any CPU.ActiveCfg = Debug|Any CPU
		{AB5FC1E6-D015-428E-BC3E-B2C5B384BB48}.Debug|Any CPU.Build.0 = Debug|Any CPU
		{AB5FC1E6-D015-428E-BC3E-B2C5B384BB48}.Release|Any CPU.ActiveCfg = Release|Any CPU
		{AB5FC1E6-D015-428E-BC3E-B2C5B384BB48}.Release|Any CPU.Build.0 = Release|Any CPU
	EndGlobalSection
	GlobalSection(SolutionProperties) = preSolution
		HideSolutionNode = FALSE
	EndGlobalSection
	GlobalSection(ExtensibilityGlobals) = postSolution
		SolutionGuid = {6B9D894F-B428-4D53-8130-9C73AB6E484B}
	EndGlobalSection
EndGlobal
